<Solution>
  <Folder Name="/src/" />
  <Folder Name="/src/Services/" />
  <Folder Name="/src/Services/CollaborationService/">
    <Project Path="src/Services/CollaborationService/CollaborationService.API/CollaborationService.API.csproj" />
    <Project Path="src/Services/CollaborationService/CollaborationService.Application/CollaborationService.Application.csproj" />
    <Project Path="src/Services/CollaborationService/CollaborationService.Domain/CollaborationService.Domain.csproj" />
    <Project Path="src/Services/CollaborationService/CollaborationService.Infrastructure/CollaborationService.Infrastructure.csproj" />
  </Folder>
  <Folder Name="/src/Services/NotesService/">
    <Project Path="src/Services/NotesService/NotesService.API/NotesService.API.csproj" />
    <Project Path="src/Services/NotesService/NotesService.Application/NotesService.Application.csproj" />
    <Project Path="src/Services/NotesService/NotesService.Domain/NotesService.Domain.csproj" />
    <Project Path="src/Services/NotesService/NotesService.Infrastructure/NotesService.Infrastructure.csproj" />
  </Folder>
  <Folder Name="/src/Services/UserService/">
    <Project Path="src/Services/UserService/UserService.API/UserService.API.csproj" />
    <Project Path="src/Services/UserService/UserService.Application/UserService.Application.csproj" />
    <Project Path="src/Services/UserService/UserService.Domain/UserService.Domain.csproj" />
    <Project Path="src/Services/UserService/UserService.Infrastructure/UserService.Infrastructure.csproj" />
  </Folder>
  <Folder Name="/src/ApiGateway/">
    <Project Path="src/ApiGateway/OcelotGateway/OcelotGateway.csproj" />
  </Folder>
  <Folder Name="/src/SharedLibrary/">
    <Project Path="src/SharedLibrary/SharedLibrary.Caching/SharedLibrary.Caching.csproj" Id="39312e83-9997-4a87-b946-3d931579fdd8" />
    <Project Path="src/SharedLibrary/SharedLibrary.Exceptions/SharedLibrary.Exceptions.csproj" />
    <Project Path="src/SharedLibrary/SharedLibrary.Messaging/SharedLibrary.Messaging.csproj" />
  </Folder>
</Solution>
